// !$*UTF8*$!
{
	archiveVersion = 1;
	classes = {
	};
	objectVersion = 51;
	objects = {

/* Begin PBXBuildFile section */
		3532DB882646F01800E2C689 /* AppDelegate.swift in Sources */ = {isa = PBXBuildFile; fileRef = 3532DB872646F01800E2C689 /* AppDelegate.swift */; };
		3532DB8A2646F01800E2C689 /* SceneDelegate.swift in Sources */ = {isa = PBXBuildFile; fileRef = 3532DB892646F01800E2C689 /* SceneDelegate.swift */; };
		3532DB8C2646F01800E2C689 /* ViewController.swift in Sources */ = {isa = PBXBuildFile; fileRef = 3532DB8B2646F01800E2C689 /* ViewController.swift */; };
		3532DB8F2646F01800E2C689 /* Main.storyboard in Resources */ = {isa = PBXBuildFile; fileRef = 3532DB8D2646F01800E2C689 /* Main.storyboard */; };
		3532DB942646F01C00E2C689 /* Assets.xcassets in Resources */ = {isa = PBXBuildFile; fileRef = 3532DB932646F01C00E2C689 /* Assets.xcassets */; };
		3532DB972646F01C00E2C689 /* LaunchScreen.storyboard in Resources */ = {isa = PBXBuildFile; fileRef = 3532DB952646F01C00E2C689 /* LaunchScreen.storyboard */; };
		3532DBAA2646F5DA00E2C689 /* CustomTableViewCell.xib in Resources */ = {isa = PBXBuildFile; fileRef = 3532DBA82646F5DA00E2C689 /* CustomTableViewCell.xib */; };
		3532DBAB2646F5DA00E2C689 /* CustomTableViewCell.swift in Sources */ = {isa = PBXBuildFile; fileRef = 3532DBA92646F5DA00E2C689 /* CustomTableViewCell.swift */; };
		3532DBAF2646F5E400E2C689 /* CustomCollectionViewCell.swift in Sources */ = {isa = PBXBuildFile; fileRef = 3532DBAD2646F5E400E2C689 /* CustomCollectionViewCell.swift */; };
		3532DBB02646F5E400E2C689 /* CustomCollectionViewCell.xib in Resources */ = {isa = PBXBuildFile; fileRef = 3532DBAE2646F5E400E2C689 /* CustomCollectionViewCell.xib */; };
		3532DBB32646F69F00E2C689 /* DetailViewController.swift in Sources */ = {isa = PBXBuildFile; fileRef = 3532DBB22646F69F00E2C689 /* DetailViewController.swift */; };
		3532DBB826471F8E00E2C689 /* ViewModel.swift in Sources */ = {isa = PBXBuildFile; fileRef = 3532DBB726471F8E00E2C689 /* ViewModel.swift */; };
		3532DBBB26471FA000E2C689 /* Model.swift in Sources */ = {isa = PBXBuildFile; fileRef = 3532DBBA26471FA000E2C689 /* Model.swift */; };
		3532DBBF2647203F00E2C689 /* Extension.swift in Sources */ = {isa = PBXBuildFile; fileRef = 3532DBBE2647203F00E2C689 /* Extension.swift */; };
		3532DBC42647206600E2C689 /* Detail+CoreDataClass.swift in Sources */ = {isa = PBXBuildFile; fileRef = 3532DBC22647206600E2C689 /* Detail+CoreDataClass.swift */; };
		3532DBC52647206600E2C689 /* Detail+CoreDataProperties.swift in Sources */ = {isa = PBXBuildFile; fileRef = 3532DBC32647206600E2C689 /* Detail+CoreDataProperties.swift */; };
		3532DBCF264720FF00E2C689 /* Hubilo_Task.xcdatamodeld in Sources */ = {isa = PBXBuildFile; fileRef = 3532DBCD264720FF00E2C689 /* Hubilo_Task.xcdatamodeld */; };
		4A5C12CAA00AFD613957C7FE /* Pods_Hubilo_Task.framework in Frameworks */ = {isa = PBXBuildFile; fileRef = A2E5F48E012EB183E9FA2F26 /* Pods_Hubilo_Task.framework */; };
/* End PBXBuildFile section */

/* Begin PBXFileReference section */
		3532DB842646F01800E2C689 /* Hubilo_Task.app */ = {isa = PBXFileReference; explicitFileType = wrapper.application; includeInIndex = 0; path = Hubilo_Task.app; sourceTree = BUILT_PRODUCTS_DIR; };
		3532DB872646F01800E2C689 /* AppDelegate.swift */ = {isa = PBXFileReference; lastKnownFileType = sourcecode.swift; path = AppDelegate.swift; sourceTree = "<group>"; };
		3532DB892646F01800E2C689 /* SceneDelegate.swift */ = {isa = PBXFileReference; lastKnownFileType = sourcecode.swift; path = SceneDelegate.swift; sourceTree = "<group>"; };
		3532DB8B2646F01800E2C689 /* ViewController.swift */ = {isa = PBXFileReference; lastKnownFileType = sourcecode.swift; path = ViewController.swift; sourceTree = "<group>"; };
		3532DB8E2646F01800E2C689 /* Base */ = {isa = PBXFileReference; lastKnownFileType = file.storyboard; name = Base; path = Base.lproj/Main.storyboard; sourceTree = "<group>"; };
		3532DB932646F01C00E2C689 /* Assets.xcassets */ = {isa = PBXFileReference; lastKnownFileType = folder.assetcatalog; path = Assets.xcassets; sourceTree = "<group>"; };
		3532DB962646F01C00E2C689 /* Base */ = {isa = PBXFileReference; lastKnownFileType = file.storyboard; name = Base; path = Base.lproj/LaunchScreen.storyboard; sourceTree = "<group>"; };
		3532DB982646F01C00E2C689 /* Info.plist */ = {isa = PBXFileReference; lastKnownFileType = text.plist.xml; path = Info.plist; sourceTree = "<group>"; };
		3532DBA82646F5DA00E2C689 /* CustomTableViewCell.xib */ = {isa = PBXFileReference; fileEncoding = 4; lastKnownFileType = file.xib; path = CustomTableViewCell.xib; sourceTree = "<group>"; };
		3532DBA92646F5DA00E2C689 /* CustomTableViewCell.swift */ = {isa = PBXFileReference; fileEncoding = 4; lastKnownFileType = sourcecode.swift; path = CustomTableViewCell.swift; sourceTree = "<group>"; };
		3532DBAD2646F5E400E2C689 /* CustomCollectionViewCell.swift */ = {isa = PBXFileReference; fileEncoding = 4; lastKnownFileType = sourcecode.swift; path = CustomCollectionViewCell.swift; sourceTree = "<group>"; };
		3532DBAE2646F5E400E2C689 /* CustomCollectionViewCell.xib */ = {isa = PBXFileReference; fileEncoding = 4; lastKnownFileType = file.xib; path = CustomCollectionViewCell.xib; sourceTree = "<group>"; };
		3532DBB22646F69F00E2C689 /* DetailViewController.swift */ = {isa = PBXFileReference; fileEncoding = 4; lastKnownFileType = sourcecode.swift; path = DetailViewController.swift; sourceTree = "<group>"; };
		3532DBB726471F8E00E2C689 /* ViewModel.swift */ = {isa = PBXFileReference; fileEncoding = 4; lastKnownFileType = sourcecode.swift; path = ViewModel.swift; sourceTree = "<group>"; };
		3532DBBA26471FA000E2C689 /* Model.swift */ = {isa = PBXFileReference; fileEncoding = 4; lastKnownFileType = sourcecode.swift; path = Model.swift; sourceTree = "<group>"; };
		3532DBBE2647203F00E2C689 /* Extension.swift */ = {isa = PBXFileReference; fileEncoding = 4; lastKnownFileType = sourcecode.swift; path = Extension.swift; sourceTree = "<group>"; };
		3532DBC22647206600E2C689 /* Detail+CoreDataClass.swift */ = {isa = PBXFileReference; fileEncoding = 4; lastKnownFileType = sourcecode.swift; path = "Detail+CoreDataClass.swift"; sourceTree = "<group>"; };
		3532DBC32647206600E2C689 /* Detail+CoreDataProperties.swift */ = {isa = PBXFileReference; fileEncoding = 4; lastKnownFileType = sourcecode.swift; path = "Detail+CoreDataProperties.swift"; sourceTree = "<group>"; };
		3532DBCE264720FF00E2C689 /* test.xcdatamodel */ = {isa = PBXFileReference; lastKnownFileType = wrapper.xcdatamodel; path = test.xcdatamodel; sourceTree = "<group>"; };
		A2E5F48E012EB183E9FA2F26 /* Pods_Hubilo_Task.framework */ = {isa = PBXFileReference; explicitFileType = wrapper.framework; includeInIndex = 0; path = Pods_Hubilo_Task.framework; sourceTree = BUILT_PRODUCTS_DIR; };
		E68BF9447E84A2F968AB6760 /* Pods-Hubilo_Task.release.xcconfig */ = {isa = PBXFileReference; includeInIndex = 1; lastKnownFileType = text.xcconfig; name = "Pods-Hubilo_Task.release.xcconfig"; path = "Target Support Files/Pods-Hubilo_Task/Pods-Hubilo_Task.release.xcconfig"; sourceTree = "<group>"; };
		ED5703CBA73C524D2DED76D7 /* Pods-Hubilo_Task.debug.xcconfig */ = {isa = PBXFileReference; includeInIndex = 1; lastKnownFileType = text.xcconfig; name = "Pods-Hubilo_Task.debug.xcconfig"; path = "Target Support Files/Pods-Hubilo_Task/Pods-Hubilo_Task.debug.xcconfig"; sourceTree = "<group>"; };
/* End PBXFileReference section */

/* Begin PBXFrameworksBuildPhase section */
		3532DB812646F01800E2C689 /* Frameworks */ = {
			isa = PBXFrameworksBuildPhase;
			buildActionMask = 2147483647;
			files = (
				4A5C12CAA00AFD613957C7FE /* Pods_Hubilo_Task.framework in Frameworks */,
			);
			runOnlyForDeploymentPostprocessing = 0;
		};
/* End PBXFrameworksBuildPhase section */

/* Begin PBXGroup section */
		3532DB7B2646F01800E2C689 = {
			isa = PBXGroup;
			children = (
				3532DB862646F01800E2C689 /* Hubilo_Task */,
				3532DB852646F01800E2C689 /* Products */,
				DEE4AA9C55DF65BF3017345E /* Pods */,
				DFB84A29DBF68FE3EE3303EB /* Frameworks */,
			);
			sourceTree = "<group>";
		};
		3532DB852646F01800E2C689 /* Products */ = {
			isa = PBXGroup;
			children = (
				3532DB842646F01800E2C689 /* Hubilo_Task.app */,
			);
			name = Products;
			sourceTree = "<group>";
		};
		3532DB862646F01800E2C689 /* Hubilo_Task */ = {
			isa = PBXGroup;
			children = (
				3532DBBD2647203200E2C689 /* HelperClass */,
				3532DBA72646F5B700E2C689 /* CustomCollectionViewCell */,
				3532DBA52646F59F00E2C689 /* CustomTableViewCell */,
				3532DB9F2646F21900E2C689 /* AppDelagate */,
				3532DBA02646F24500E2C689 /* SceneDelegate */,
				3532DBA22646F27300E2C689 /* CoreData */,
				3532DBA12646F25400E2C689 /* Storyboard */,
				3532DBA32646F28700E2C689 /* ViewController */,
				3532DBB526471F1F00E2C689 /* ViewModel */,
				3532DBB626471F2D00E2C689 /* Model */,
				3532DB932646F01C00E2C689 /* Assets.xcassets */,
				3532DB982646F01C00E2C689 /* Info.plist */,
			);
			path = Hubilo_Task;
			sourceTree = "<group>";
		};
		3532DB9F2646F21900E2C689 /* AppDelagate */ = {
			isa = PBXGroup;
			children = (
				3532DB872646F01800E2C689 /* AppDelegate.swift */,
			);
			path = AppDelagate;
			sourceTree = "<group>";
		};
		3532DBA02646F24500E2C689 /* SceneDelegate */ = {
			isa = PBXGroup;
			children = (
				3532DB892646F01800E2C689 /* SceneDelegate.swift */,
			);
			path = SceneDelegate;
			sourceTree = "<group>";
		};
		3532DBA12646F25400E2C689 /* Storyboard */ = {
			isa = PBXGroup;
			children = (
				3532DB8D2646F01800E2C689 /* Main.storyboard */,
				3532DB952646F01C00E2C689 /* LaunchScreen.storyboard */,
			);
			path = Storyboard;
			sourceTree = "<group>";
		};
		3532DBA22646F27300E2C689 /* CoreData */ = {
			isa = PBXGroup;
			children = (
				3532DBCD264720FF00E2C689 /* Hubilo_Task.xcdatamodeld */,
				3532DBC12647205800E2C689 /* Model */,
			);
			path = CoreData;
			sourceTree = "<group>";
		};
		3532DBA32646F28700E2C689 /* ViewController */ = {
			isa = PBXGroup;
			children = (
				3532DB8B2646F01800E2C689 /* ViewController.swift */,
				3532DBB22646F69F00E2C689 /* DetailViewController.swift */,
			);
			path = ViewController;
			sourceTree = "<group>";
		};
		3532DBA52646F59F00E2C689 /* CustomTableViewCell */ = {
			isa = PBXGroup;
			children = (
				3532DBA92646F5DA00E2C689 /* CustomTableViewCell.swift */,
				3532DBA82646F5DA00E2C689 /* CustomTableViewCell.xib */,
			);
			path = CustomTableViewCell;
			sourceTree = "<group>";
		};
		3532DBA72646F5B700E2C689 /* CustomCollectionViewCell */ = {
			isa = PBXGroup;
			children = (
				3532DBAD2646F5E400E2C689 /* CustomCollectionViewCell.swift */,
				3532DBAE2646F5E400E2C689 /* CustomCollectionViewCell.xib */,
			);
			path = CustomCollectionViewCell;
			sourceTree = "<group>";
		};
		3532DBB526471F1F00E2C689 /* ViewModel */ = {
			isa = PBXGroup;
			children = (
				3532DBB726471F8E00E2C689 /* ViewModel.swift */,
			);
			path = ViewModel;
			sourceTree = "<group>";
		};
		3532DBB626471F2D00E2C689 /* Model */ = {
			isa = PBXGroup;
			children = (
				3532DBBA26471FA000E2C689 /* Model.swift */,
			);
			path = Model;
			sourceTree = "<group>";
		};
		3532DBBD2647203200E2C689 /* HelperClass */ = {
			isa = PBXGroup;
			children = (
				3532DBBE2647203F00E2C689 /* Extension.swift */,
			);
			path = HelperClass;
			sourceTree = "<group>";
		};
		3532DBC12647205800E2C689 /* Model */ = {
			isa = PBXGroup;
			children = (
				3532DBC22647206600E2C689 /* Detail+CoreDataClass.swift */,
				3532DBC32647206600E2C689 /* Detail+CoreDataProperties.swift */,
			);
			path = Model;
			sourceTree = "<group>";
		};
		DEE4AA9C55DF65BF3017345E /* Pods */ = {
			isa = PBXGroup;
			children = (
				ED5703CBA73C524D2DED76D7 /* Pods-Hubilo_Task.debug.xcconfig */,
				E68BF9447E84A2F968AB6760 /* Pods-Hubilo_Task.release.xcconfig */,
			);
			path = Pods;
			sourceTree = "<group>";
		};
		DFB84A29DBF68FE3EE3303EB /* Frameworks */ = {
			isa = PBXGroup;
			children = (
				A2E5F48E012EB183E9FA2F26 /* Pods_Hubilo_Task.framework */,
			);
			name = Frameworks;
			sourceTree = "<group>";
		};
/* End PBXGroup section */

/* Begin PBXNativeTarget section */
		3532DB832646F01800E2C689 /* Hubilo_Task */ = {
			isa = PBXNativeTarget;
			buildConfigurationList = 3532DB9B2646F01C00E2C689 /* Build configuration list for PBXNativeTarget "Hubilo_Task" */;
			buildPhases = (
				C16AC16FB66F40EC00933BCB /* [CP] Check Pods Manifest.lock */,
				3532DB802646F01800E2C689 /* Sources */,
				3532DB812646F01800E2C689 /* Frameworks */,
				3532DB822646F01800E2C689 /* Resources */,
				9CA9864C63BAA16BCB07928B /* [CP] Embed Pods Frameworks */,
			);
			buildRules = (
			);
			dependencies = (
			);
			name = Hubilo_Task;
			productName = Hubilo_Task;
			productReference = 3532DB842646F01800E2C689 /* Hubilo_Task.app */;
			productType = "com.apple.product-type.application";
		};
/* End PBXNativeTarget section */

/* Begin PBXProject section */
		3532DB7C2646F01800E2C689 /* Project object */ = {
			isa = PBXProject;
			attributes = {
				LastSwiftUpdateCheck = 1240;
				LastUpgradeCheck = 1240;
				TargetAttributes = {
					3532DB832646F01800E2C689 = {
						CreatedOnToolsVersion = 12.4;
					};
				};
			};
			buildConfigurationList = 3532DB7F2646F01800E2C689 /* Build configuration list for PBXProject "Hubilo_Task" */;
			compatibilityVersion = "Xcode 9.3";
			developmentRegion = en;
			hasScannedForEncodings = 0;
			knownRegions = (
				en,
				Base,
			);
			mainGroup = 3532DB7B2646F01800E2C689;
			productRefGroup = 3532DB852646F01800E2C689 /* Products */;
			projectDirPath = "";
			projectRoot = "";
			targets = (
				3532DB832646F01800E2C689 /* Hubilo_Task */,
			);
		};
/* End PBXProject section */

/* Begin PBXResourcesBuildPhase section */
		3532DB822646F01800E2C689 /* Resources */ = {
			isa = PBXResourcesBuildPhase;
			buildActionMask = 2147483647;
			files = (
				3532DB972646F01C00E2C689 /* LaunchScreen.storyboard in Resources */,
				3532DB942646F01C00E2C689 /* Assets.xcassets in Resources */,
				3532DBAA2646F5DA00E2C689 /* CustomTableViewCell.xib in Resources */,
				3532DBB02646F5E400E2C689 /* CustomCollectionViewCell.xib in Resources */,
				3532DB8F2646F01800E2C689 /* Main.storyboard in Resources */,
			);
			runOnlyForDeploymentPostprocessing = 0;
		};
/* End PBXResourcesBuildPhase section */

/* Begin PBXShellScriptBuildPhase section */
		9CA9864C63BAA16BCB07928B /* [CP] Embed Pods Frameworks */ = {
			isa = PBXShellScriptBuildPhase;
			buildActionMask = 2147483647;
			files = (
			);
			inputFileListPaths = (
				"${PODS_ROOT}/Target Support Files/Pods-Hubilo_Task/Pods-Hubilo_Task-frameworks-${CONFIGURATION}-input-files.xcfilelist",
			);
			name = "[CP] Embed Pods Frameworks";
			outputFileListPaths = (
				"${PODS_ROOT}/Target Support Files/Pods-Hubilo_Task/Pods-Hubilo_Task-frameworks-${CONFIGURATION}-output-files.xcfilelist",
			);
			runOnlyForDeploymentPostprocessing = 0;
			shellPath = /bin/sh;
			shellScript = "\"${PODS_ROOT}/Target Support Files/Pods-Hubilo_Task/Pods-Hubilo_Task-frameworks.sh\"\n";
			showEnvVarsInLog = 0;
		};
		C16AC16FB66F40EC00933BCB /* [CP] Check Pods Manifest.lock */ = {
			isa = PBXShellScriptBuildPhase;
			buildActionMask = 2147483647;
			files = (
			);
			inputFileListPaths = (
			);
			inputPaths = (
				"${PODS_PODFILE_DIR_PATH}/Podfile.lock",
				"${PODS_ROOT}/Manifest.lock",
			);
			name = "[CP] Check Pods Manifest.lock";
			outputFileListPaths = (
			);
			outputPaths = (
				"$(DERIVED_FILE_DIR)/Pods-Hubilo_Task-checkManifestLockResult.txt",
			);
			runOnlyForDeploymentPostprocessing = 0;
			shellPath = /bin/sh;
			shellScript = "diff \"${PODS_PODFILE_DIR_PATH}/Podfile.lock\" \"${PODS_ROOT}/Manifest.lock\" > /dev/null\nif [ $? != 0 ] ; then\n    # print error to STDERR\n    echo \"error: The sandbox is not in sync with the Podfile.lock. Run 'pod install' or update your CocoaPods installation.\" >&2\n    exit 1\nfi\n# This output is used by Xcode 'outputs' to avoid re-running this script phase.\necho \"SUCCESS\" > \"${SCRIPT_OUTPUT_FILE_0}\"\n";
			showEnvVarsInLog = 0;
		};
/* End PBXShellScriptBuildPhase section */

/* Begin PBXSourcesBuildPhase section */
		3532DB802646F01800E2C689 /* Sources */ = {
			isa = PBXSourcesBuildPhase;
			buildActionMask = 2147483647;
			files = (
				3532DBC52647206600E2C689 /* Detail+CoreDataProperties.swift in Sources */,
				3532DBCF264720FF00E2C689 /* Hubilo_Task.xcdatamodeld in Sources */,
				3532DBC42647206600E2C689 /* Detail+CoreDataClass.swift in Sources */,
				3532DBBB26471FA000E2C689 /* Model.swift in Sources */,
				3532DB8C2646F01800E2C689 /* ViewController.swift in Sources */,
				3532DBAF2646F5E400E2C689 /* CustomCollectionViewCell.swift in Sources */,
				3532DBAB2646F5DA00E2C689 /* CustomTableViewCell.swift in Sources */,
				3532DBBF2647203F00E2C689 /* Extension.swift in Sources */,
				3532DB882646F01800E2C689 /* AppDelegate.swift in Sources */,
				3532DB8A2646F01800E2C689 /* SceneDelegate.swift in Sources */,
				3532DBB826471F8E00E2C689 /* ViewModel.swift in Sources */,
				3532DBB32646F69F00E2C689 /* DetailViewController.swift in Sources */,
			);
			runOnlyForDeploymentPostprocessing = 0;
		};
/* End PBXSourcesBuildPhase section */

/* Begin PBXVariantGroup section */
		3532DB8D2646F01800E2C689 /* Main.storyboard */ = {
			isa = PBXVariantGroup;
			children = (
				3532DB8E2646F01800E2C689 /* Base */,
			);
			name = Main.storyboard;
			sourceTree = "<group>";
		};
		3532DB952646F01C00E2C689 /* LaunchScreen.storyboard */ = {
			isa = PBXVariantGroup;
			children = (
				3532DB962646F01C00E2C689 /* Base */,
			);
			name = LaunchScreen.storyboard;
			sourceTree = "<group>";
		};
/* End PBXVariantGroup section */

/* Begin XCBuildConfiguration section */
		3532DB992646F01C00E2C689 /* Debug */ = {
			isa = XCBuildConfiguration;
			buildSettings = {
				ALWAYS_SEARCH_USER_PATHS = NO;
				CLANG_ANALYZER_NONNULL = YES;
				CLANG_ANALYZER_NUMBER_OBJECT_CONVERSION = YES_AGGRESSIVE;
				CLANG_CXX_LANGUAGE_STANDARD = "gnu++14";
				CLANG_CXX_LIBRARY = "libc++";
				CLANG_ENABLE_MODULES = YES;
				CLANG_ENABLE_OBJC_ARC = YES;
				CLANG_ENABLE_OBJC_WEAK = YES;
				CLANG_WARN_BLOCK_CAPTURE_AUTORELEASING = YES;
				CLANG_WARN_BOOL_CONVERSION = YES;
				CLANG_WARN_COMMA = YES;
				CLANG_WARN_CONSTANT_CONVERSION = YES;
				CLANG_WARN_DEPRECATED_OBJC_IMPLEMENTATIONS = YES;
				CLANG_WARN_DIRECT_OBJC_ISA_USAGE = YES_ERROR;
				CLANG_WARN_DOCUMENTATION_COMMENTS = YES;
				CLANG_WARN_EMPTY_BODY = YES;
				CLANG_WARN_ENUM_CONVERSION = YES;
				CLANG_WARN_INFINITE_RECURSION = YES;
				CLANG_WARN_INT_CONVERSION = YES;
				CLANG_WARN_NON_LITERAL_NULL_CONVERSION = YES;
				CLANG_WARN_OBJC_IMPLICIT_RETAIN_SELF = YES;
				CLANG_WARN_OBJC_LITERAL_CONVERSION = YES;
				CLANG_WARN_OBJC_ROOT_CLASS = YES_ERROR;
				CLANG_WARN_QUOTED_INCLUDE_IN_FRAMEWORK_HEADER = YES;
				CLANG_WARN_RANGE_LOOP_ANALYSIS = YES;
				CLANG_WARN_STRICT_PROTOTYPES = YES;
				CLANG_WARN_SUSPICIOUS_MOVE = YES;
				CLANG_WARN_UNGUARDED_AVAILABILITY = YES_AGGRESSIVE;
				CLANG_WARN_UNREACHABLE_CODE = YES;
				CLANG_WARN__DUPLICATE_METHOD_MATCH = YES;
				COPY_PHASE_STRIP = NO;
				DEBUG_INFORMATION_FORMAT = dwarf;
				ENABLE_STRICT_OBJC_MSGSEND = YES;
				ENABLE_TESTABILITY = YES;
				GCC_C_LANGUAGE_STANDARD = gnu11;
				GCC_DYNAMIC_NO_PIC = NO;
				GCC_NO_COMMON_BLOCKS = YES;
				GCC_OPTIMIZATION_LEVEL = 0;
				GCC_PREPROCESSOR_DEFINITIONS = (
					"DEBUG=1",
					"$(inherited)",
				);
				GCC_WARN_64_TO_32_BIT_CONVERSION = YES;
				GCC_WARN_ABOUT_RETURN_TYPE = YES_ERROR;
				GCC_WARN_UNDECLARED_SELECTOR = YES;
				GCC_WARN_UNINITIALIZED_AUTOS = YES_AGGRESSIVE;
				GCC_WARN_UNUSED_FUNCTION = YES;
				GCC_WARN_UNUSED_VARIABLE = YES;
				IPHONEOS_DEPLOYMENT_TARGET = 14.4;
				MTL_ENABLE_DEBUG_INFO = INCLUDE_SOURCE;
				MTL_FAST_MATH = YES;
				ONLY_ACTIVE_ARCH = YES;
				SDKROOT = iphoneos;
				SWIFT_ACTIVE_COMPILATION_CONDITIONS = DEBUG;
				SWIFT_OPTIMIZATION_LEVEL = "-Onone";
			};
			name = Debug;
		};
		3532DB9A2646F01C00E2C689 /* Release */ = {
			isa = XCBuildConfiguration;
			buildSettings = {
				ALWAYS_SEARCH_USER_PATHS = NO;
				CLANG_ANALYZER_NONNULL = YES;
				CLANG_ANALYZER_NUMBER_OBJECT_CONVERSION = YES_AGGRESSIVE;
				CLANG_CXX_LANGUAGE_STANDARD = "gnu++14";
				CLANG_CXX_LIBRARY = "libc++";
				CLANG_ENABLE_MODULES = YES;
				CLANG_ENABLE_OBJC_ARC = YES;
				CLANG_ENABLE_OBJC_WEAK = YES;
				CLANG_WARN_BLOCK_CAPTURE_AUTORELEASING = YES;
				CLANG_WARN_BOOL_CONVERSION = YES;
				CLANG_WARN_COMMA = YES;
				CLANG_WARN_CONSTANT_CONVERSION = YES;
				CLANG_WARN_DEPRECATED_OBJC_IMPLEMENTATIONS = YES;
				CLANG_WARN_DIRECT_OBJC_ISA_USAGE = YES_ERROR;
				CLANG_WARN_DOCUMENTATION_COMMENTS = YES;
				CLANG_WARN_EMPTY_BODY = YES;
				CLANG_WARN_ENUM_CONVERSION = YES;
				CLANG_WARN_INFINITE_RECURSION = YES;
				CLANG_WARN_INT_CONVERSION = YES;
				CLANG_WARN_NON_LITERAL_NULL_CONVERSION = YES;
				CLANG_WARN_OBJC_IMPLICIT_RETAIN_SELF = YES;
				CLANG_WARN_OBJC_LITERAL_CONVERSION = YES;
				CLANG_WARN_OBJC_ROOT_CLASS = YES_ERROR;
				CLANG_WARN_QUOTED_INCLUDE_IN_FRAMEWORK_HEADER = YES;
				CLANG_WARN_RANGE_LOOP_ANALYSIS = YES;
				CLANG_WARN_STRICT_PROTOTYPES = YES;
				CLANG_WARN_SUSPICIOUS_MOVE = YES;
				CLANG_WARN_UNGUARDED_AVAILABILITY = YES_AGGRESSIVE;
				CLANG_WARN_UNREACHABLE_CODE = YES;
				CLANG_WARN__DUPLICATE_METHOD_MATCH = YES;
				COPY_PHASE_STRIP = NO;
				DEBUG_INFORMATION_FORMAT = "dwarf-with-dsym";
				ENABLE_NS_ASSERTIONS = NO;
				ENABLE_STRICT_OBJC_MSGSEND = YES;
				GCC_C_LANGUAGE_STANDARD = gnu11;
				GCC_NO_COMMON_BLOCKS = YES;
				GCC_WARN_64_TO_32_BIT_CONVERSION = YES;
				GCC_WARN_ABOUT_RETURN_TYPE = YES_ERROR;
				GCC_WARN_UNDECLARED_SELECTOR = YES;
				GCC_WARN_UNINITIALIZED_AUTOS = YES_AGGRESSIVE;
				GCC_WARN_UNUSED_FUNCTION = YES;
				GCC_WARN_UNUSED_VARIABLE = YES;
				IPHONEOS_DEPLOYMENT_TARGET = 14.4;
				MTL_ENABLE_DEBUG_INFO = NO;
				MTL_FAST_MATH = YES;
				SDKROOT = iphoneos;
				SWIFT_COMPILATION_MODE = wholemodule;
				SWIFT_OPTIMIZATION_LEVEL = "-O";
				VALIDATE_PRODUCT = YES;
			};
			name = Release;
		};
		3532DB9C2646F01C00E2C689 /* Debug */ = {
			isa = XCBuildConfiguration;
			baseConfigurationReference = ED5703CBA73C524D2DED76D7 /* Pods-Hubilo_Task.debug.xcconfig */;
			buildSettings = {
				ASSETCATALOG_COMPILER_APPICON_NAME = AppIcon;
				ASSETCATALOG_COMPILER_GLOBAL_ACCENT_COLOR_NAME = AccentColor;
				CODE_SIGN_STYLE = Automatic;
				INFOPLIST_FILE = Hubilo_Task/Info.plist;
				IPHONEOS_DEPLOYMENT_TARGET = 13.0;
				LD_RUNPATH_SEARCH_PATHS = (
					"$(inherited)",
					"@executable_path/Frameworks",
				);
				PRODUCT_BUNDLE_IDENTIFIER = "com.Hubilo-Task";
				PRODUCT_NAME = "$(TARGET_NAME)";
				SWIFT_VERSION = 5.0;
				TARGETED_DEVICE_FAMILY = "1,2";
			};
			name = Debug;
		};
		3532DB9D2646F01C00E2C689 /* Release */ = {
			isa = XCBuildConfiguration;
			baseConfigurationReference = E68BF9447E84A2F968AB6760 /* Pods-Hubilo_Task.release.xcconfig */;
			buildSettings = {
				ASSETCATALOG_COMPILER_APPICON_NAME = AppIcon;
				ASSETCATALOG_COMPILER_GLOBAL_ACCENT_COLOR_NAME = AccentColor;
				CODE_SIGN_STYLE = Automatic;
				INFOPLIST_FILE = Hubilo_Task/Info.plist;
				IPHONEOS_DEPLOYMENT_TARGET = 13.0;
				LD_RUNPATH_SEARCH_PATHS = (
					"$(inherited)",
					"@executable_path/Frameworks",
				);
				PRODUCT_BUNDLE_IDENTIFIER = "com.Hubilo-Task";
				PRODUCT_NAME = "$(TARGET_NAME)";
				SWIFT_VERSION = 5.0;
				TARGETED_DEVICE_FAMILY = "1,2";
			};
			name = Release;
		};
/* End XCBuildConfiguration section */

/* Begin XCConfigurationList section */
		3532DB7F2646F01800E2C689 /* Build configuration list for PBXProject "Hubilo_Task" */ = {
			isa = XCConfigurationList;
			buildConfigurations = (
				3532DB992646F01C00E2C689 /* Debug */,
				3532DB9A2646F01C00E2C689 /* Release */,
			);
			defaultConfigurationIsVisible = 0;
			defaultConfigurationName = Release;
		};
		3532DB9B2646F01C00E2C689 /* Build configuration list for PBXNativeTarget "Hubilo_Task" */ = {
			isa = XCConfigurationList;
			buildConfigurations = (
				3532DB9C2646F01C00E2C689 /* Debug */,
				3532DB9D2646F01C00E2C689 /* Release */,
			);
			defaultConfigurationIsVisible = 0;
			defaultConfigurationName = Release;
		};
/* End XCConfigurationList section */

/* Begin XCVersionGroup section */
		3532DBCD264720FF00E2C689 /* Hubilo_Task.xcdatamodeld */ = {
			isa = XCVersionGroup;
			children = (
				3532DBCE264720FF00E2C689 /* test.xcdatamodel */,
			);
			currentVersion = 3532DBCE264720FF00E2C689 /* test.xcdatamodel */;
			path = Hubilo_Task.xcdatamodeld;
			sourceTree = "<group>";
			versionGroupType = wrapper.xcdatamodel;
		};
/* End XCVersionGroup section */
	};
	rootObject = 3532DB7C2646F01800E2C689 /* Project object */;
}
